// !$*UTF8*$!
{
	archiveVersion = 1;
	classes = {
	};
	objectVersion = 50;
	objects = {

/* Begin PBXBuildFile section */
		0FF043A4B07E8F7A50F20758 /* Pods_GoodocMon.framework in Frameworks */ = {isa = PBXBuildFile; fileRef = E9C96D86BFEE9AF5749972A9 /* Pods_GoodocMon.framework */; };
		E846044722210EA900935B1F /* wlidBGM.wav in Resources */ = {isa = PBXBuildFile; fileRef = E846044622210EA900935B1F /* wlidBGM.wav */; };
		E846045822211AE400935B1F /* infoVC.swift in Sources */ = {isa = PBXBuildFile; fileRef = E846045722211AE400935B1F /* infoVC.swift */; };
		E8838155221FEA4500F86B5C /* AppDelegate.swift in Sources */ = {isa = PBXBuildFile; fileRef = E8838154221FEA4500F86B5C /* AppDelegate.swift */; };
		E8838157221FEA4500F86B5C /* ViewController.swift in Sources */ = {isa = PBXBuildFile; fileRef = E8838156221FEA4500F86B5C /* ViewController.swift */; };
		E883815A221FEA4500F86B5C /* Main.storyboard in Resources */ = {isa = PBXBuildFile; fileRef = E8838158221FEA4500F86B5C /* Main.storyboard */; };
		E883815C221FEA4600F86B5C /* Assets.xcassets in Resources */ = {isa = PBXBuildFile; fileRef = E883815B221FEA4600F86B5C /* Assets.xcassets */; };
		E883815F221FEA4600F86B5C /* LaunchScreen.storyboard in Resources */ = {isa = PBXBuildFile; fileRef = E883815D221FEA4600F86B5C /* LaunchScreen.storyboard */; };
		E883816722201EDB00F86B5C /* goodocmonVC.swift in Sources */ = {isa = PBXBuildFile; fileRef = E883816622201EDB00F86B5C /* goodocmonVC.swift */; };
		E8FDFC402225625200F29AB7 /* pokemonBGM.mp3 in Resources */ = {isa = PBXBuildFile; fileRef = E8FDFC3F2225625100F29AB7 /* pokemonBGM.mp3 */; };
		E8FDFC42222586B800F29AB7 /* getVC.swift in Sources */ = {isa = PBXBuildFile; fileRef = E8FDFC41222586B800F29AB7 /* getVC.swift */; };
		E8FDFC5722259C7000F29AB7 /* Victory.mp3 in Resources */ = {isa = PBXBuildFile; fileRef = E8FDFC5622259C7000F29AB7 /* Victory.mp3 */; };
		E8FDFC882225A39A00F29AB7 /* Screen_Shot_2019-02-27_at_12.51.04_AM.png in Resources */ = {isa = PBXBuildFile; fileRef = E8FDFC7A2225A39900F29AB7 /* Screen_Shot_2019-02-27_at_12.51.04_AM.png */; };
		E8FDFC892225A39A00F29AB7 /* monmansa.png in Resources */ = {isa = PBXBuildFile; fileRef = E8FDFC7B2225A39900F29AB7 /* monmansa.png */; };
		E8FDFC8A2225A39A00F29AB7 /* tug.png in Resources */ = {isa = PBXBuildFile; fileRef = E8FDFC7C2225A39900F29AB7 /* tug.png */; };
		E8FDFC8B2225A39A00F29AB7 /* mon1.png in Resources */ = {isa = PBXBuildFile; fileRef = E8FDFC7D2225A39900F29AB7 /* mon1.png */; };
		E8FDFC8C2225A39A00F29AB7 /* 111.png in Resources */ = {isa = PBXBuildFile; fileRef = E8FDFC7E2225A39900F29AB7 /* 111.png */; };
		E8FDFC8D2225A39A00F29AB7 /* bbang.png in Resources */ = {isa = PBXBuildFile; fileRef = E8FDFC7F2225A39900F29AB7 /* bbang.png */; };
		E8FDFC8E2225A39A00F29AB7 /* Screen_Shot_2019-02-27_at_12.50.56_AM.png in Resources */ = {isa = PBXBuildFile; fileRef = E8FDFC802225A39900F29AB7 /* Screen_Shot_2019-02-27_at_12.50.56_AM.png */; };
		E8FDFC8F2225A39A00F29AB7 /* viewGoodocMon.png in Resources */ = {isa = PBXBuildFile; fileRef = E8FDFC812225A39900F29AB7 /* viewGoodocMon.png */; };
		E8FDFC902225A39A00F29AB7 /* pocketball_02.png in Resources */ = {isa = PBXBuildFile; fileRef = E8FDFC822225A39900F29AB7 /* pocketball_02.png */; };
		E8FDFC912225A39A00F29AB7 /* cp.png in Resources */ = {isa = PBXBuildFile; fileRef = E8FDFC832225A39900F29AB7 /* cp.png */; };
		E8FDFC922225A39A00F29AB7 /* pocketball.png in Resources */ = {isa = PBXBuildFile; fileRef = E8FDFC842225A39900F29AB7 /* pocketball.png */; };
		E8FDFC932225A39A00F29AB7 /* bg.png in Resources */ = {isa = PBXBuildFile; fileRef = E8FDFC852225A39900F29AB7 /* bg.png */; };
		E8FDFC942225A39A00F29AB7 /* goodocmon.json in Resources */ = {isa = PBXBuildFile; fileRef = E8FDFC862225A39900F29AB7 /* goodocmon.json */; };
		E8FDFC952225A39A00F29AB7 /* getmon.json in Resources */ = {isa = PBXBuildFile; fileRef = E8FDFC872225A39A00F29AB7 /* getmon.json */; };
		E8FDFCA22225A3D500F29AB7 /* bbang.png in Resources */ = {isa = PBXBuildFile; fileRef = E8FDFC962225A3D500F29AB7 /* bbang.png */; };
		E8FDFCA32225A3D500F29AB7 /* pocketball_02.png in Resources */ = {isa = PBXBuildFile; fileRef = E8FDFC972225A3D500F29AB7 /* pocketball_02.png */; };
		E8FDFCA42225A3D500F29AB7 /* tug.png in Resources */ = {isa = PBXBuildFile; fileRef = E8FDFC982225A3D500F29AB7 /* tug.png */; };
		E8FDFCA52225A3D500F29AB7 /* viewGoodocMon.png in Resources */ = {isa = PBXBuildFile; fileRef = E8FDFC992225A3D500F29AB7 /* viewGoodocMon.png */; };
		E8FDFCA62225A3D500F29AB7 /* pocketball.png in Resources */ = {isa = PBXBuildFile; fileRef = E8FDFC9A2225A3D500F29AB7 /* pocketball.png */; };
		E8FDFCA72225A3D500F29AB7 /* bg.png in Resources */ = {isa = PBXBuildFile; fileRef = E8FDFC9B2225A3D500F29AB7 /* bg.png */; };
		E8FDFCA82225A3D500F29AB7 /* Screen_Shot_2019-02-27_at_12.51.04_AM.png in Resources */ = {isa = PBXBuildFile; fileRef = E8FDFC9C2225A3D500F29AB7 /* Screen_Shot_2019-02-27_at_12.51.04_AM.png */; };
		E8FDFCA92225A3D500F29AB7 /* 111.png in Resources */ = {isa = PBXBuildFile; fileRef = E8FDFC9D2225A3D500F29AB7 /* 111.png */; };
		E8FDFCAA2225A3D500F29AB7 /* Screen_Shot_2019-02-27_at_12.50.56_AM.png in Resources */ = {isa = PBXBuildFile; fileRef = E8FDFC9E2225A3D500F29AB7 /* Screen_Shot_2019-02-27_at_12.50.56_AM.png */; };
		E8FDFCAB2225A3D500F29AB7 /* monmansa.png in Resources */ = {isa = PBXBuildFile; fileRef = E8FDFC9F2225A3D500F29AB7 /* monmansa.png */; };
		E8FDFCAC2225A3D500F29AB7 /* mon1.png in Resources */ = {isa = PBXBuildFile; fileRef = E8FDFCA02225A3D500F29AB7 /* mon1.png */; };
		E8FDFCAD2225A3D500F29AB7 /* cp.png in Resources */ = {isa = PBXBuildFile; fileRef = E8FDFCA12225A3D500F29AB7 /* cp.png */; };
/* End PBXBuildFile section */

/* Begin PBXFileReference section */
		5934E35E8832367AE2BA7226 /* Pods-GoodocMon.debug.xcconfig */ = {isa = PBXFileReference; includeInIndex = 1; lastKnownFileType = text.xcconfig; name = "Pods-GoodocMon.debug.xcconfig"; path = "Pods/Target Support Files/Pods-GoodocMon/Pods-GoodocMon.debug.xcconfig"; sourceTree = "<group>"; };
		77AF9D6D765E7281FE98EF35 /* Pods-GoodocMon.release.xcconfig */ = {isa = PBXFileReference; includeInIndex = 1; lastKnownFileType = text.xcconfig; name = "Pods-GoodocMon.release.xcconfig"; path = "Pods/Target Support Files/Pods-GoodocMon/Pods-GoodocMon.release.xcconfig"; sourceTree = "<group>"; };
		E846044622210EA900935B1F /* wlidBGM.wav */ = {isa = PBXFileReference; lastKnownFileType = audio.wav; name = wlidBGM.wav; path = support/wlidBGM.wav; sourceTree = SOURCE_ROOT; };
		E846045722211AE400935B1F /* infoVC.swift */ = {isa = PBXFileReference; lastKnownFileType = sourcecode.swift; path = infoVC.swift; sourceTree = "<group>"; };
		E8838151221FEA4500F86B5C /* GoodocMon.app */ = {isa = PBXFileReference; explicitFileType = wrapper.application; includeInIndex = 0; path = GoodocMon.app; sourceTree = BUILT_PRODUCTS_DIR; };
		E8838154221FEA4500F86B5C /* AppDelegate.swift */ = {isa = PBXFileReference; lastKnownFileType = sourcecode.swift; path = AppDelegate.swift; sourceTree = "<group>"; };
		E8838156221FEA4500F86B5C /* ViewController.swift */ = {isa = PBXFileReference; lastKnownFileType = sourcecode.swift; path = ViewController.swift; sourceTree = "<group>"; };
		E8838159221FEA4500F86B5C /* Base */ = {isa = PBXFileReference; lastKnownFileType = file.storyboard; name = Base; path = Base.lproj/Main.storyboard; sourceTree = "<group>"; };
		E883815B221FEA4600F86B5C /* Assets.xcassets */ = {isa = PBXFileReference; lastKnownFileType = folder.assetcatalog; path = Assets.xcassets; sourceTree = "<group>"; };
		E883815E221FEA4600F86B5C /* Base */ = {isa = PBXFileReference; lastKnownFileType = file.storyboard; name = Base; path = Base.lproj/LaunchScreen.storyboard; sourceTree = "<group>"; };
		E8838160221FEA4600F86B5C /* Info.plist */ = {isa = PBXFileReference; lastKnownFileType = text.plist.xml; path = Info.plist; sourceTree = "<group>"; };
		E883816622201EDB00F86B5C /* goodocmonVC.swift */ = {isa = PBXFileReference; lastKnownFileType = sourcecode.swift; path = goodocmonVC.swift; sourceTree = "<group>"; };
		E8FDFC3F2225625100F29AB7 /* pokemonBGM.mp3 */ = {isa = PBXFileReference; lastKnownFileType = audio.mp3; name = pokemonBGM.mp3; path = support/pokemonBGM.mp3; sourceTree = SOURCE_ROOT; };
		E8FDFC41222586B800F29AB7 /* getVC.swift */ = {isa = PBXFileReference; lastKnownFileType = sourcecode.swift; path = getVC.swift; sourceTree = "<group>"; };
		E8FDFC5622259C7000F29AB7 /* Victory.mp3 */ = {isa = PBXFileReference; lastKnownFileType = audio.mp3; name = Victory.mp3; path = support/Victory.mp3; sourceTree = SOURCE_ROOT; };
		E8FDFC7A2225A39900F29AB7 /* Screen_Shot_2019-02-27_at_12.51.04_AM.png */ = {isa = PBXFileReference; lastKnownFileType = image.png; path = "Screen_Shot_2019-02-27_at_12.51.04_AM.png"; sourceTree = "<group>"; };
		E8FDFC7B2225A39900F29AB7 /* monmansa.png */ = {isa = PBXFileReference; lastKnownFileType = image.png; path = monmansa.png; sourceTree = "<group>"; };
		E8FDFC7C2225A39900F29AB7 /* tug.png */ = {isa = PBXFileReference; lastKnownFileType = image.png; path = tug.png; sourceTree = "<group>"; };
		E8FDFC7D2225A39900F29AB7 /* mon1.png */ = {isa = PBXFileReference; lastKnownFileType = image.png; path = mon1.png; sourceTree = "<group>"; };
		E8FDFC7E2225A39900F29AB7 /* 111.png */ = {isa = PBXFileReference; lastKnownFileType = image.png; path = 111.png; sourceTree = "<group>"; };
		E8FDFC7F2225A39900F29AB7 /* bbang.png */ = {isa = PBXFileReference; lastKnownFileType = image.png; path = bbang.png; sourceTree = "<group>"; };
		E8FDFC802225A39900F29AB7 /* Screen_Shot_2019-02-27_at_12.50.56_AM.png */ = {isa = PBXFileReference; lastKnownFileType = image.png; path = "Screen_Shot_2019-02-27_at_12.50.56_AM.png"; sourceTree = "<group>"; };
		E8FDFC812225A39900F29AB7 /* viewGoodocMon.png */ = {isa = PBXFileReference; lastKnownFileType = image.png; path = viewGoodocMon.png; sourceTree = "<group>"; };
		E8FDFC822225A39900F29AB7 /* pocketball_02.png */ = {isa = PBXFileReference; lastKnownFileType = image.png; path = pocketball_02.png; sourceTree = "<group>"; };
		E8FDFC832225A39900F29AB7 /* cp.png */ = {isa = PBXFileReference; lastKnownFileType = image.png; path = cp.png; sourceTree = "<group>"; };
		E8FDFC842225A39900F29AB7 /* pocketball.png */ = {isa = PBXFileReference; lastKnownFileType = image.png; path = pocketball.png; sourceTree = "<group>"; };
		E8FDFC852225A39900F29AB7 /* bg.png */ = {isa = PBXFileReference; lastKnownFileType = image.png; path = bg.png; sourceTree = "<group>"; };
		E8FDFC862225A39900F29AB7 /* goodocmon.json */ = {isa = PBXFileReference; fileEncoding = 4; lastKnownFileType = text.json; name = goodocmon.json; path = support/AfterEffect/goodocmon.json; sourceTree = SOURCE_ROOT; };
		E8FDFC872225A39A00F29AB7 /* getmon.json */ = {isa = PBXFileReference; fileEncoding = 4; lastKnownFileType = text.json; name = getmon.json; path = support/AfterEffect/getmon.json; sourceTree = SOURCE_ROOT; };
		E8FDFC962225A3D500F29AB7 /* bbang.png */ = {isa = PBXFileReference; lastKnownFileType = image.png; path = bbang.png; sourceTree = "<group>"; };
		E8FDFC972225A3D500F29AB7 /* pocketball_02.png */ = {isa = PBXFileReference; lastKnownFileType = image.png; path = pocketball_02.png; sourceTree = "<group>"; };
		E8FDFC982225A3D500F29AB7 /* tug.png */ = {isa = PBXFileReference; lastKnownFileType = image.png; path = tug.png; sourceTree = "<group>"; };
		E8FDFC992225A3D500F29AB7 /* viewGoodocMon.png */ = {isa = PBXFileReference; lastKnownFileType = image.png; path = viewGoodocMon.png; sourceTree = "<group>"; };
		E8FDFC9A2225A3D500F29AB7 /* pocketball.png */ = {isa = PBXFileReference; lastKnownFileType = image.png; path = pocketball.png; sourceTree = "<group>"; };
		E8FDFC9B2225A3D500F29AB7 /* bg.png */ = {isa = PBXFileReference; lastKnownFileType = image.png; path = bg.png; sourceTree = "<group>"; };
		E8FDFC9C2225A3D500F29AB7 /* Screen_Shot_2019-02-27_at_12.51.04_AM.png */ = {isa = PBXFileReference; lastKnownFileType = image.png; path = "Screen_Shot_2019-02-27_at_12.51.04_AM.png"; sourceTree = "<group>"; };
		E8FDFC9D2225A3D500F29AB7 /* 111.png */ = {isa = PBXFileReference; lastKnownFileType = image.png; path = 111.png; sourceTree = "<group>"; };
		E8FDFC9E2225A3D500F29AB7 /* Screen_Shot_2019-02-27_at_12.50.56_AM.png */ = {isa = PBXFileReference; lastKnownFileType = image.png; path = "Screen_Shot_2019-02-27_at_12.50.56_AM.png"; sourceTree = "<group>"; };
		E8FDFC9F2225A3D500F29AB7 /* monmansa.png */ = {isa = PBXFileReference; lastKnownFileType = image.png; path = monmansa.png; sourceTree = "<group>"; };
		E8FDFCA02225A3D500F29AB7 /* mon1.png */ = {isa = PBXFileReference; lastKnownFileType = image.png; path = mon1.png; sourceTree = "<group>"; };
		E8FDFCA12225A3D500F29AB7 /* cp.png */ = {isa = PBXFileReference; lastKnownFileType = image.png; path = cp.png; sourceTree = "<group>"; };
		E9C96D86BFEE9AF5749972A9 /* Pods_GoodocMon.framework */ = {isa = PBXFileReference; explicitFileType = wrapper.framework; includeInIndex = 0; path = Pods_GoodocMon.framework; sourceTree = BUILT_PRODUCTS_DIR; };
/* End PBXFileReference section */

/* Begin PBXFrameworksBuildPhase section */
		E883814E221FEA4500F86B5C /* Frameworks */ = {
			isa = PBXFrameworksBuildPhase;
			buildActionMask = 2147483647;
			files = (
				0FF043A4B07E8F7A50F20758 /* Pods_GoodocMon.framework in Frameworks */,
			);
			runOnlyForDeploymentPostprocessing = 0;
		};
/* End PBXFrameworksBuildPhase section */

/* Begin PBXGroup section */
		4D60CCC45EF47AD97C368942 /* Pods */ = {
			isa = PBXGroup;
			children = (
				5934E35E8832367AE2BA7226 /* Pods-GoodocMon.debug.xcconfig */,
				77AF9D6D765E7281FE98EF35 /* Pods-GoodocMon.release.xcconfig */,
			);
			name = Pods;
			sourceTree = "<group>";
		};
		7875B1D104973AED721A5DC7 /* Frameworks */ = {
			isa = PBXGroup;
			children = (
				E9C96D86BFEE9AF5749972A9 /* Pods_GoodocMon.framework */,
			);
			name = Frameworks;
			sourceTree = "<group>";
		};
		E846044322210CEB00935B1F /* sound */ = {
			isa = PBXGroup;
			children = (
				E8FDFC5622259C7000F29AB7 /* Victory.mp3 */,
				E846044622210EA900935B1F /* wlidBGM.wav */,
				E8FDFC3F2225625100F29AB7 /* pokemonBGM.mp3 */,
			);
			path = sound;
			sourceTree = "<group>";
		};
		E8838148221FEA4500F86B5C = {
			isa = PBXGroup;
			children = (
				E8838153221FEA4500F86B5C /* GoodocMon */,
				E8838152221FEA4500F86B5C /* Products */,
				4D60CCC45EF47AD97C368942 /* Pods */,
				7875B1D104973AED721A5DC7 /* Frameworks */,
			);
			sourceTree = "<group>";
		};
		E8838152221FEA4500F86B5C /* Products */ = {
			isa = PBXGroup;
			children = (
				E8838151221FEA4500F86B5C /* GoodocMon.app */,
			);
			name = Products;
			sourceTree = "<group>";
		};
		E8838153221FEA4500F86B5C /* GoodocMon */ = {
			isa = PBXGroup;
			children = (
				E8FDFC872225A39A00F29AB7 /* getmon.json */,
				E8FDFC862225A39900F29AB7 /* goodocmon.json */,
				E8FDFC792225A39900F29AB7 /* images */,
				E846044322210CEB00935B1F /* sound */,
				E8838154221FEA4500F86B5C /* AppDelegate.swift */,
				E8838156221FEA4500F86B5C /* ViewController.swift */,
				E8838158221FEA4500F86B5C /* Main.storyboard */,
				E883815B221FEA4600F86B5C /* Assets.xcassets */,
				E883815D221FEA4600F86B5C /* LaunchScreen.storyboard */,
				E8838160221FEA4600F86B5C /* Info.plist */,
				E883816622201EDB00F86B5C /* goodocmonVC.swift */,
				E846045722211AE400935B1F /* infoVC.swift */,
				E8FDFC41222586B800F29AB7 /* getVC.swift */,
			);
			path = GoodocMon;
			sourceTree = "<group>";
		};
		E8FDFC792225A39900F29AB7 /* images */ = {
			isa = PBXGroup;
			children = (
				E8FDFC9D2225A3D500F29AB7 /* 111.png */,
				E8FDFC962225A3D500F29AB7 /* bbang.png */,
				E8FDFC9B2225A3D500F29AB7 /* bg.png */,
				E8FDFCA12225A3D500F29AB7 /* cp.png */,
				E8FDFCA02225A3D500F29AB7 /* mon1.png */,
				E8FDFC9F2225A3D500F29AB7 /* monmansa.png */,
				E8FDFC972225A3D500F29AB7 /* pocketball_02.png */,
				E8FDFC9A2225A3D500F29AB7 /* pocketball.png */,
				E8FDFC9E2225A3D500F29AB7 /* Screen_Shot_2019-02-27_at_12.50.56_AM.png */,
				E8FDFC9C2225A3D500F29AB7 /* Screen_Shot_2019-02-27_at_12.51.04_AM.png */,
				E8FDFC982225A3D500F29AB7 /* tug.png */,
				E8FDFC992225A3D500F29AB7 /* viewGoodocMon.png */,
				E8FDFC7A2225A39900F29AB7 /* Screen_Shot_2019-02-27_at_12.51.04_AM.png */,
				E8FDFC7B2225A39900F29AB7 /* monmansa.png */,
				E8FDFC7C2225A39900F29AB7 /* tug.png */,
				E8FDFC7D2225A39900F29AB7 /* mon1.png */,
				E8FDFC7E2225A39900F29AB7 /* 111.png */,
				E8FDFC7F2225A39900F29AB7 /* bbang.png */,
				E8FDFC802225A39900F29AB7 /* Screen_Shot_2019-02-27_at_12.50.56_AM.png */,
				E8FDFC812225A39900F29AB7 /* viewGoodocMon.png */,
				E8FDFC822225A39900F29AB7 /* pocketball_02.png */,
				E8FDFC832225A39900F29AB7 /* cp.png */,
				E8FDFC842225A39900F29AB7 /* pocketball.png */,
				E8FDFC852225A39900F29AB7 /* bg.png */,
			);
			name = images;
			path = support/AfterEffect/images;
			sourceTree = SOURCE_ROOT;
		};
/* End PBXGroup section */

/* Begin PBXNativeTarget section */
		E8838150221FEA4500F86B5C /* GoodocMon */ = {
			isa = PBXNativeTarget;
			buildConfigurationList = E8838163221FEA4600F86B5C /* Build configuration list for PBXNativeTarget "GoodocMon" */;
			buildPhases = (
				2DC4FAC83135BCF4C88F5D6C /* [CP] Check Pods Manifest.lock */,
				E883814D221FEA4500F86B5C /* Sources */,
				E883814E221FEA4500F86B5C /* Frameworks */,
				E883814F221FEA4500F86B5C /* Resources */,
				6743764AFA25302D978BF505 /* [CP] Embed Pods Frameworks */,
			);
			buildRules = (
			);
			dependencies = (
			);
			name = GoodocMon;
			productName = GoodocMon;
			productReference = E8838151221FEA4500F86B5C /* GoodocMon.app */;
			productType = "com.apple.product-type.application";
		};
/* End PBXNativeTarget section */

/* Begin PBXProject section */
		E8838149221FEA4500F86B5C /* Project object */ = {
			isa = PBXProject;
			attributes = {
				LastSwiftUpdateCheck = 1010;
				LastUpgradeCheck = 1010;
				ORGANIZATIONNAME = qbbang;
				TargetAttributes = {
					E8838150221FEA4500F86B5C = {
						CreatedOnToolsVersion = 10.1;
					};
				};
			};
			buildConfigurationList = E883814C221FEA4500F86B5C /* Build configuration list for PBXProject "GoodocMon" */;
			compatibilityVersion = "Xcode 9.3";
			developmentRegion = en;
			hasScannedForEncodings = 0;
			knownRegions = (
				en,
				Base,
			);
			mainGroup = E8838148221FEA4500F86B5C;
			productRefGroup = E8838152221FEA4500F86B5C /* Products */;
			projectDirPath = "";
			projectRoot = "";
			targets = (
				E8838150221FEA4500F86B5C /* GoodocMon */,
			);
		};
/* End PBXProject section */

/* Begin PBXResourcesBuildPhase section */
		E883814F221FEA4500F86B5C /* Resources */ = {
			isa = PBXResourcesBuildPhase;
			buildActionMask = 2147483647;
			files = (
				E8FDFCA72225A3D500F29AB7 /* bg.png in Resources */,
				E8FDFCAA2225A3D500F29AB7 /* Screen_Shot_2019-02-27_at_12.50.56_AM.png in Resources */,
				E8FDFCA92225A3D500F29AB7 /* 111.png in Resources */,
				E8FDFCAB2225A3D500F29AB7 /* monmansa.png in Resources */,
				E8FDFCA22225A3D500F29AB7 /* bbang.png in Resources */,
				E883815F221FEA4600F86B5C /* LaunchScreen.storyboard in Resources */,
				E8FDFC952225A39A00F29AB7 /* getmon.json in Resources */,
				E8FDFC892225A39A00F29AB7 /* monmansa.png in Resources */,
				E8FDFCA32225A3D500F29AB7 /* pocketball_02.png in Resources */,
				E8FDFC932225A39A00F29AB7 /* bg.png in Resources */,
				E8FDFCA82225A3D500F29AB7 /* Screen_Shot_2019-02-27_at_12.51.04_AM.png in Resources */,
				E883815C221FEA4600F86B5C /* Assets.xcassets in Resources */,
				E8FDFCAD2225A3D500F29AB7 /* cp.png in Resources */,
				E883815A221FEA4500F86B5C /* Main.storyboard in Resources */,
				E8FDFC882225A39A00F29AB7 /* Screen_Shot_2019-02-27_at_12.51.04_AM.png in Resources */,
				E8FDFC5722259C7000F29AB7 /* Victory.mp3 in Resources */,
				E8FDFCAC2225A3D500F29AB7 /* mon1.png in Resources */,
				E8FDFC8F2225A39A00F29AB7 /* viewGoodocMon.png in Resources */,
				E8FDFC922225A39A00F29AB7 /* pocketball.png in Resources */,
				E8FDFCA62225A3D500F29AB7 /* pocketball.png in Resources */,
				E8FDFCA52225A3D500F29AB7 /* viewGoodocMon.png in Resources */,
				E8FDFC8D2225A39A00F29AB7 /* bbang.png in Resources */,
				E8FDFC8C2225A39A00F29AB7 /* 111.png in Resources */,
				E8FDFC942225A39A00F29AB7 /* goodocmon.json in Resources */,
				E8FDFC8B2225A39A00F29AB7 /* mon1.png in Resources */,
				E8FDFC8A2225A39A00F29AB7 /* tug.png in Resources */,
				E8FDFC402225625200F29AB7 /* pokemonBGM.mp3 in Resources */,
				E8FDFC912225A39A00F29AB7 /* cp.png in Resources */,
				E8FDFC902225A39A00F29AB7 /* pocketball_02.png in Resources */,
				E8FDFC8E2225A39A00F29AB7 /* Screen_Shot_2019-02-27_at_12.50.56_AM.png in Resources */,
				E846044722210EA900935B1F /* wlidBGM.wav in Resources */,
				E8FDFCA42225A3D500F29AB7 /* tug.png in Resources */,
			);
			runOnlyForDeploymentPostprocessing = 0;
		};
/* End PBXResourcesBuildPhase section */

/* Begin PBXShellScriptBuildPhase section */
		2DC4FAC83135BCF4C88F5D6C /* [CP] Check Pods Manifest.lock */ = {
			isa = PBXShellScriptBuildPhase;
			buildActionMask = 2147483647;
			files = (
			);
			inputFileListPaths = (
			);
			inputPaths = (
				"${PODS_PODFILE_DIR_PATH}/Podfile.lock",
				"${PODS_ROOT}/Manifest.lock",
			);
			name = "[CP] Check Pods Manifest.lock";
			outputFileListPaths = (
			);
			outputPaths = (
				"$(DERIVED_FILE_DIR)/Pods-GoodocMon-checkManifestLockResult.txt",
			);
			runOnlyForDeploymentPostprocessing = 0;
			shellPath = /bin/sh;
			shellScript = "diff \"${PODS_PODFILE_DIR_PATH}/Podfile.lock\" \"${PODS_ROOT}/Manifest.lock\" > /dev/null\nif [ $? != 0 ] ; then\n    # print error to STDERR\n    echo \"error: The sandbox is not in sync with the Podfile.lock. Run 'pod install' or update your CocoaPods installation.\" >&2\n    exit 1\nfi\n# This output is used by Xcode 'outputs' to avoid re-running this script phase.\necho \"SUCCESS\" > \"${SCRIPT_OUTPUT_FILE_0}\"\n";
			showEnvVarsInLog = 0;
		};
		6743764AFA25302D978BF505 /* [CP] Embed Pods Frameworks */ = {
			isa = PBXShellScriptBuildPhase;
			buildActionMask = 2147483647;
			files = (
			);
			inputFileListPaths = (
			);
			inputPaths = (
				"${SRCROOT}/Pods/Target Support Files/Pods-GoodocMon/Pods-GoodocMon-frameworks.sh",
				"${BUILT_PRODUCTS_DIR}/lottie-ios/Lottie.framework",
			);
			name = "[CP] Embed Pods Frameworks";
			outputFileListPaths = (
			);
			outputPaths = (
				"${TARGET_BUILD_DIR}/${FRAMEWORKS_FOLDER_PATH}/Lottie.framework",
			);
			runOnlyForDeploymentPostprocessing = 0;
			shellPath = /bin/sh;
			shellScript = "\"${SRCROOT}/Pods/Target Support Files/Pods-GoodocMon/Pods-GoodocMon-frameworks.sh\"\n";
			showEnvVarsInLog = 0;
		};
/* End PBXShellScriptBuildPhase section */

/* Begin PBXSourcesBuildPhase section */
		E883814D221FEA4500F86B5C /* Sources */ = {
			isa = PBXSourcesBuildPhase;
			buildActionMask = 2147483647;
			files = (
				E846045822211AE400935B1F /* infoVC.swift in Sources */,
				E883816722201EDB00F86B5C /* goodocmonVC.swift in Sources */,
				E8838157221FEA4500F86B5C /* ViewController.swift in Sources */,
				E8FDFC42222586B800F29AB7 /* getVC.swift in Sources */,
				E8838155221FEA4500F86B5C /* AppDelegate.swift in Sources */,
			);
			runOnlyForDeploymentPostprocessing = 0;
		};
/* End PBXSourcesBuildPhase section */

/* Begin PBXVariantGroup section */
		E8838158221FEA4500F86B5C /* Main.storyboard */ = {
			isa = PBXVariantGroup;
			children = (
				E8838159221FEA4500F86B5C /* Base */,
			);
			name = Main.storyboard;
			sourceTree = "<group>";
		};
		E883815D221FEA4600F86B5C /* LaunchScreen.storyboard */ = {
			isa = PBXVariantGroup;
			children = (
				E883815E221FEA4600F86B5C /* Base */,
			);
			name = LaunchScreen.storyboard;
			sourceTree = "<group>";
		};
/* End PBXVariantGroup section */

/* Begin XCBuildConfiguration section */
		E8838161221FEA4600F86B5C /* Debug */ = {
			isa = XCBuildConfiguration;
			buildSettings = {
				ALWAYS_SEARCH_USER_PATHS = NO;
				CLANG_ANALYZER_NONNULL = YES;
				CLANG_ANALYZER_NUMBER_OBJECT_CONVERSION = YES_AGGRESSIVE;
				CLANG_CXX_LANGUAGE_STANDARD = "gnu++14";
				CLANG_CXX_LIBRARY = "libc++";
				CLANG_ENABLE_MODULES = YES;
				CLANG_ENABLE_OBJC_ARC = YES;
				CLANG_ENABLE_OBJC_WEAK = YES;
				CLANG_WARN_BLOCK_CAPTURE_AUTORELEASING = YES;
				CLANG_WARN_BOOL_CONVERSION = YES;
				CLANG_WARN_COMMA = YES;
				CLANG_WARN_CONSTANT_CONVERSION = YES;
				CLANG_WARN_DEPRECATED_OBJC_IMPLEMENTATIONS = YES;
				CLANG_WARN_DIRECT_OBJC_ISA_USAGE = YES_ERROR;
				CLANG_WARN_DOCUMENTATION_COMMENTS = YES;
				CLANG_WARN_EMPTY_BODY = YES;
				CLANG_WARN_ENUM_CONVERSION = YES;
				CLANG_WARN_INFINITE_RECURSION = YES;
				CLANG_WARN_INT_CONVERSION = YES;
				CLANG_WARN_NON_LITERAL_NULL_CONVERSION = YES;
				CLANG_WARN_OBJC_IMPLICIT_RETAIN_SELF = YES;
				CLANG_WARN_OBJC_LITERAL_CONVERSION = YES;
				CLANG_WARN_OBJC_ROOT_CLASS = YES_ERROR;
				CLANG_WARN_RANGE_LOOP_ANALYSIS = YES;
				CLANG_WARN_STRICT_PROTOTYPES = YES;
				CLANG_WARN_SUSPICIOUS_MOVE = YES;
				CLANG_WARN_UNGUARDED_AVAILABILITY = YES_AGGRESSIVE;
				CLANG_WARN_UNREACHABLE_CODE = YES;
				CLANG_WARN__DUPLICATE_METHOD_MATCH = YES;
				CODE_SIGN_IDENTITY = "iPhone Developer";
				COPY_PHASE_STRIP = NO;
				DEBUG_INFORMATION_FORMAT = dwarf;
				ENABLE_STRICT_OBJC_MSGSEND = YES;
				ENABLE_TESTABILITY = YES;
				GCC_C_LANGUAGE_STANDARD = gnu11;
				GCC_DYNAMIC_NO_PIC = NO;
				GCC_NO_COMMON_BLOCKS = YES;
				GCC_OPTIMIZATION_LEVEL = 0;
				GCC_PREPROCESSOR_DEFINITIONS = (
					"DEBUG=1",
					"$(inherited)",
				);
				GCC_WARN_64_TO_32_BIT_CONVERSION = YES;
				GCC_WARN_ABOUT_RETURN_TYPE = YES_ERROR;
				GCC_WARN_UNDECLARED_SELECTOR = YES;
				GCC_WARN_UNINITIALIZED_AUTOS = YES_AGGRESSIVE;
				GCC_WARN_UNUSED_FUNCTION = YES;
				GCC_WARN_UNUSED_VARIABLE = YES;
				IPHONEOS_DEPLOYMENT_TARGET = 12.1;
				MTL_ENABLE_DEBUG_INFO = INCLUDE_SOURCE;
				MTL_FAST_MATH = YES;
				ONLY_ACTIVE_ARCH = YES;
				SDKROOT = iphoneos;
				SWIFT_ACTIVE_COMPILATION_CONDITIONS = DEBUG;
				SWIFT_OPTIMIZATION_LEVEL = "-Onone";
			};
			name = Debug;
		};
		E8838162221FEA4600F86B5C /* Release */ = {
			isa = XCBuildConfiguration;
			buildSettings = {
				ALWAYS_SEARCH_USER_PATHS = NO;
				CLANG_ANALYZER_NONNULL = YES;
				CLANG_ANALYZER_NUMBER_OBJECT_CONVERSION = YES_AGGRESSIVE;
				CLANG_CXX_LANGUAGE_STANDARD = "gnu++14";
				CLANG_CXX_LIBRARY = "libc++";
				CLANG_ENABLE_MODULES = YES;
				CLANG_ENABLE_OBJC_ARC = YES;
				CLANG_ENABLE_OBJC_WEAK = YES;
				CLANG_WARN_BLOCK_CAPTURE_AUTORELEASING = YES;
				CLANG_WARN_BOOL_CONVERSION = YES;
				CLANG_WARN_COMMA = YES;
				CLANG_WARN_CONSTANT_CONVERSION = YES;
				CLANG_WARN_DEPRECATED_OBJC_IMPLEMENTATIONS = YES;
				CLANG_WARN_DIRECT_OBJC_ISA_USAGE = YES_ERROR;
				CLANG_WARN_DOCUMENTATION_COMMENTS = YES;
				CLANG_WARN_EMPTY_BODY = YES;
				CLANG_WARN_ENUM_CONVERSION = YES;
				CLANG_WARN_INFINITE_RECURSION = YES;
				CLANG_WARN_INT_CONVERSION = YES;
				CLANG_WARN_NON_LITERAL_NULL_CONVERSION = YES;
				CLANG_WARN_OBJC_IMPLICIT_RETAIN_SELF = YES;
				CLANG_WARN_OBJC_LITERAL_CONVERSION = YES;
				CLANG_WARN_OBJC_ROOT_CLASS = YES_ERROR;
				CLANG_WARN_RANGE_LOOP_ANALYSIS = YES;
				CLANG_WARN_STRICT_PROTOTYPES = YES;
				CLANG_WARN_SUSPICIOUS_MOVE = YES;
				CLANG_WARN_UNGUARDED_AVAILABILITY = YES_AGGRESSIVE;
				CLANG_WARN_UNREACHABLE_CODE = YES;
				CLANG_WARN__DUPLICATE_METHOD_MATCH = YES;
				CODE_SIGN_IDENTITY = "iPhone Developer";
				COPY_PHASE_STRIP = NO;
				DEBUG_INFORMATION_FORMAT = "dwarf-with-dsym";
				ENABLE_NS_ASSERTIONS = NO;
				ENABLE_STRICT_OBJC_MSGSEND = YES;
				GCC_C_LANGUAGE_STANDARD = gnu11;
				GCC_NO_COMMON_BLOCKS = YES;
				GCC_WARN_64_TO_32_BIT_CONVERSION = YES;
				GCC_WARN_ABOUT_RETURN_TYPE = YES_ERROR;
				GCC_WARN_UNDECLARED_SELECTOR = YES;
				GCC_WARN_UNINITIALIZED_AUTOS = YES_AGGRESSIVE;
				GCC_WARN_UNUSED_FUNCTION = YES;
				GCC_WARN_UNUSED_VARIABLE = YES;
				IPHONEOS_DEPLOYMENT_TARGET = 12.1;
				MTL_ENABLE_DEBUG_INFO = NO;
				MTL_FAST_MATH = YES;
				SDKROOT = iphoneos;
				SWIFT_COMPILATION_MODE = wholemodule;
				SWIFT_OPTIMIZATION_LEVEL = "-O";
				VALIDATE_PRODUCT = YES;
			};
			name = Release;
		};
		E8838164221FEA4600F86B5C /* Debug */ = {
			isa = XCBuildConfiguration;
			baseConfigurationReference = 5934E35E8832367AE2BA7226 /* Pods-GoodocMon.debug.xcconfig */;
			buildSettings = {
				ASSETCATALOG_COMPILER_APPICON_NAME = AppIcon;
				CODE_SIGN_STYLE = Automatic;
				DEVELOPMENT_TEAM = G4MM77V7NH;
				INFOPLIST_FILE = GoodocMon/Info.plist;
				LD_RUNPATH_SEARCH_PATHS = (
					"$(inherited)",
					"@executable_path/Frameworks",
				);
				PRODUCT_BUNDLE_IDENTIFIER = io.github.qbbang.GoodocMon;
				PRODUCT_NAME = "$(TARGET_NAME)";
				SWIFT_VERSION = 4.2;
				TARGETED_DEVICE_FAMILY = "1,2";
			};
			name = Debug;
		};
		E8838165221FEA4600F86B5C /* Release */ = {
			isa = XCBuildConfiguration;
			baseConfigurationReference = 77AF9D6D765E7281FE98EF35 /* Pods-GoodocMon.release.xcconfig */;
			buildSettings = {
				ASSETCATALOG_COMPILER_APPICON_NAME = AppIcon;
				CODE_SIGN_STYLE = Automatic;
				DEVELOPMENT_TEAM = G4MM77V7NH;
				INFOPLIST_FILE = GoodocMon/Info.plist;
				LD_RUNPATH_SEARCH_PATHS = (
					"$(inherited)",
					"@executable_path/Frameworks",
				);
				PRODUCT_BUNDLE_IDENTIFIER = io.github.qbbang.GoodocMon;
				PRODUCT_NAME = "$(TARGET_NAME)";
				SWIFT_VERSION = 4.2;
				TARGETED_DEVICE_FAMILY = "1,2";
			};
			name = Release;
		};
/* End XCBuildConfiguration section */

/* Begin XCConfigurationList section */
		E883814C221FEA4500F86B5C /* Build configuration list for PBXProject "GoodocMon" */ = {
			isa = XCConfigurationList;
			buildConfigurations = (
				E8838161221FEA4600F86B5C /* Debug */,
				E8838162221FEA4600F86B5C /* Release */,
			);
			defaultConfigurationIsVisible = 0;
			defaultConfigurationName = Release;
		};
		E8838163221FEA4600F86B5C /* Build configuration list for PBXNativeTarget "GoodocMon" */ = {
			isa = XCConfigurationList;
			buildConfigurations = (
				E8838164221FEA4600F86B5C /* Debug */,
				E8838165221FEA4600F86B5C /* Release */,
			);
			defaultConfigurationIsVisible = 0;
			defaultConfigurationName = Release;
		};
/* End XCConfigurationList section */
	};
	rootObject = E8838149221FEA4500F86B5C /* Project object */;
}
